<?xml version="1.0" encoding="utf-8"?>
<Project ToolsVersion="4.0" xmlns="http://schemas.microsoft.com/developer/msbuild/2003">
  <ItemGroup>
    <Filter Include="Исходные файлы">
      <UniqueIdentifier>{4FC737F1-C7A5-4376-A066-2A32D752A2FF}</UniqueIdentifier>
      <Extensions>cpp;c;cc;cxx;c++;cppm;ixx;def;odl;idl;hpj;bat;asm;asmx</Extensions>
    </Filter>
    <Filter Include="Файлы заголовков">
      <UniqueIdentifier>{93995380-89BD-4b04-88EB-625FBE52EBFB}</UniqueIdentifier>
      <Extensions>h;hh;hpp;hxx;h++;hm;inl;inc;ipp;xsd</Extensions>
    </Filter>
    <Filter Include="Файлы ресурсов">
      <UniqueIdentifier>{67DA6AB6-F800-4c08-8B7A-83BB121AAD01}</UniqueIdentifier>
      <Extensions>rc;ico;cur;bmp;dlg;rc2;rct;bin;rgs;gif;jpg;jpeg;jpe;resx;tiff;tif;png;wav;mfcribbon-ms</Extensions>
    </Filter>
    <Filter Include="src">
      <UniqueIdentifier>{deb96db4-6b52-4570-90d8-43f7d6b4575d}</UniqueIdentifier>
    </Filter>
    <Filter Include="src\core">
      <UniqueIdentifier>{bdbf2f26-52c0-41d7-8283-1d53a8dbf650}</UniqueIdentifier>
    </Filter>
    <Filter Include="include">
      <UniqueIdentifier>{e2d5eff0-bf5b-4ba4-ac2a-cbd0c4ed6aaf}</UniqueIdentifier>
    </Filter>
    <Filter Include="include\core">
      <UniqueIdentifier>{9aef76b6-d00c-450e-80af-0192eb5b8991}</UniqueIdentifier>
    </Filter>
    <Filter Include="include\graphics">
      <UniqueIdentifier>{64e3d32f-24ba-488c-a220-38ae1abab74d}</UniqueIdentifier>
    </Filter>
    <Filter Include="include\utils">
      <UniqueIdentifier>{c9b0edfe-1561-49ab-94c6-6285a375f017}</UniqueIdentifier>
    </Filter>
    <Filter Include="include\entities">
      <UniqueIdentifier>{9b43f4e2-c6df-43dc-adc6-3733ea92f2cf}</UniqueIdentifier>
    </Filter>
    <Filter Include="src\´graphics">
      <UniqueIdentifier>{1a5da51e-6e78-4342-bdff-0cd330f6b569}</UniqueIdentifier>
    </Filter>
    <Filter Include="src\entities">
      <UniqueIdentifier>{6d625bb9-40ea-45dc-8050-b46308439134}</UniqueIdentifier>
    </Filter>
    <Filter Include="src\utils">
      <UniqueIdentifier>{0356d90c-66fb-4978-968e-6935bf837b8c}</UniqueIdentifier>
    </Filter>
    <Filter Include="include\third_party">
      <UniqueIdentifier>{a4b6391a-fbd9-4df8-8c13-f11daa9def5c}</UniqueIdentifier>
    </Filter>
    <Filter Include="assets">
      <UniqueIdentifier>{61620380-0e66-4572-b0c4-5abad7c7b71e}</UniqueIdentifier>
    </Filter>
    <Filter Include="assets\config">
      <UniqueIdentifier>{5564a9a1-e55e-4be5-996a-526f8e122d39}</UniqueIdentifier>
    </Filter>
    <Filter Include="include\core\resources">
      <UniqueIdentifier>{084bcfe5-19b4-4f3e-89f7-b9106804ccbc}</UniqueIdentifier>
    </Filter>
    <Filter Include="src\core\resources">
      <UniqueIdentifier>{b440ae58-8cbc-4611-b473-67b161379286}</UniqueIdentifier>
    </Filter>
    <Filter Include="data">
      <UniqueIdentifier>{dfacf5a0-50eb-40d8-be62-980899b48dbd}</UniqueIdentifier>
    </Filter>
    <Filter Include="data\definitions">
      <UniqueIdentifier>{9c33457c-cd8a-4514-b69d-79f92384e630}</UniqueIdentifier>
    </Filter>
  </ItemGroup>
  <ItemGroup>
    <ClCompile Include="main.cpp">
      <Filter>Исходные файлы</Filter>
    </ClCompile>
    <ClCompile Include="src\core\time_system.cpp">
      <Filter>src\core</Filter>
    </ClCompile>
    <ClCompile Include="src\entities\player.cpp">
      <Filter>src\entities</Filter>
    </ClCompile>
    <ClCompile Include="src\core\game.cpp">
      <Filter>src\core</Filter>
    </ClCompile>
    <ClCompile Include="src\core\text_output.cpp">
      <Filter>src\core</Filter>
    </ClCompile>
    <ClCompile Include="src\core\config_loader.cpp">
      <Filter>src\core</Filter>
    </ClCompile>
    <ClCompile Include="src\core\resize_behavior.cpp">
      <Filter>src\core</Filter>
    </ClCompile>
    <ClCompile Include="src\core\resize_behavior_factory.cpp">
      <Filter>src\core</Filter>
    </ClCompile>
    <ClCompile Include="src\core\scaling_policy.cpp">
      <Filter>src\core</Filter>
    </ClCompile>
    <ClCompile Include="src\core\lock_policy.cpp">
      <Filter>src\core</Filter>
    </ClCompile>
    <ClCompile Include="src\core\anchor_policy.cpp">
      <Filter>src\core</Filter>
    </ClCompile>
    <ClCompile Include="src\core\json_utils.cpp">
      <Filter>src\core</Filter>
    </ClCompile>
    <ClCompile Include="src\core\resources\resource_paths.cpp">
      <Filter>src\core\resources</Filter>
    </ClCompile>
    <ClCompile Include="src\core\resources\resource_manager.cpp">
      <Filter>src\core\resources</Filter>
    </ClCompile>
    <ClCompile Include="src\core\resources\resource_loader.cpp">
      <Filter>src\core\resources</Filter>
    </ClCompile>
  </ItemGroup>
  <ItemGroup>
    <ClInclude Include="include\core\config.h">
      <Filter>include\core</Filter>
    </ClInclude>
    <ClInclude Include="include\utils\message.h">
      <Filter>include\utils</Filter>
    </ClInclude>
    <ClInclude Include="include\core\time_system.h">
      <Filter>include\core</Filter>
    </ClInclude>
    <ClInclude Include="include\entities\player.h">
      <Filter>include\entities</Filter>
    </ClInclude>
    <ClInclude Include="include\core\game.h">
      <Filter>include\core</Filter>
    </ClInclude>
    <ClInclude Include="include\core\text_output.h">
      <Filter>include\core</Filter>
    </ClInclude>
    <ClInclude Include="include\third_party\json.hpp">
      <Filter>include\third_party</Filter>
    </ClInclude>
    <ClInclude Include="include\core\config_loader.h">
      <Filter>include\core</Filter>
    </ClInclude>
    <ClInclude Include="include\third_party\json_silent.hpp">
      <Filter>include\third_party</Filter>
    </ClInclude>
    <ClInclude Include="include\core\resize_behavior.h">
      <Filter>include\core</Filter>
    </ClInclude>
    <ClInclude Include="include\core\resize_behavior_factory.h">
      <Filter>include\core</Filter>
    </ClInclude>
    <ClInclude Include="include\core\anchor_utils.h">
      <Filter>include\core</Filter>
    </ClInclude>
    <ClInclude Include="include\core\scaling_policy.h">
      <Filter>include\core</Filter>
    </ClInclude>
    <ClInclude Include="include\core\lock_policy.h">
      <Filter>include\core</Filter>
    </ClInclude>
    <ClInclude Include="include\core\anchor_policy.h">
      <Filter>include\core</Filter>
    </ClInclude>
    <ClInclude Include="include\core\json_utils.h">
      <Filter>include\core</Filter>
    </ClInclude>
    <ClInclude Include="include\core\config_keys.h">
      <Filter>include\core</Filter>
    </ClInclude>
    <ClInclude Include="include\core\json_validator.h">
      <Filter>include\core</Filter>
    </ClInclude>
    <ClInclude Include="include\core\resources\resource_holder.h">
      <Filter>include\core\resources</Filter>
    </ClInclude>
    <ClInclude Include="include\core\resources\resource_manager.h">
      <Filter>include\core\resources</Filter>
    </ClInclude>
    <ClInclude Include="include\core\i_resource.h">
      <Filter>include\core</Filter>
    </ClInclude>
    <ClInclude Include="include\core\resources\texture_resource.h">
      <Filter>include\core\resources</Filter>
    </ClInclude>
    <ClInclude Include="include\core\resources\font_resource.h">
      <Filter>include\core\resources</Filter>
    </ClInclude>
    <ClInclude Include="include\core\resources\soundbuffer_resource.h">
      <Filter>include\core\resources</Filter>
    </ClInclude>
    <ClInclude Include="include\core\resources\resourceIDs.h">
      <Filter>include\core\resources</Filter>
    </ClInclude>
    <ClInclude Include="include\core\resources\resource_paths.h">
      <Filter>include\core\resources</Filter>
    </ClInclude>
    <ClInclude Include="include\core\resources\resource_loader.h">
      <Filter>include\core\resources</Filter>
    </ClInclude>
  </ItemGroup>
  <ItemGroup>
    <None Include="assets\config\player.json">
      <Filter>assets\config</Filter>
    </None>
    <None Include="include\core\resources\resource_holder.inl">
      <Filter>include\core\resources</Filter>
    </None>
    <None Include="data\definitions\resources.json">
      <Filter>data\definitions</Filter>
    </None>
  </ItemGroup>
</Project>