<?xml version="1.0" encoding="utf-8"?>
<Project ToolsVersion="4.0" xmlns="http://schemas.microsoft.com/developer/msbuild/2003">
  <ItemGroup>
    <Filter Include="Исходные файлы">
      <UniqueIdentifier>{4FC737F1-C7A5-4376-A066-2A32D752A2FF}</UniqueIdentifier>
      <Extensions>cpp;c;cc;cxx;c++;cppm;ixx;def;odl;idl;hpj;bat;asm;asmx</Extensions>
    </Filter>
    <Filter Include="Файлы заголовков">
      <UniqueIdentifier>{93995380-89BD-4b04-88EB-625FBE52EBFB}</UniqueIdentifier>
      <Extensions>h;hh;hpp;hxx;h++;hm;inl;inc;ipp;xsd</Extensions>
    </Filter>
    <Filter Include="Файлы ресурсов">
      <UniqueIdentifier>{67DA6AB6-F800-4c08-8B7A-83BB121AAD01}</UniqueIdentifier>
      <Extensions>rc;ico;cur;bmp;dlg;rc2;rct;bin;rgs;gif;jpg;jpeg;jpe;resx;tiff;tif;png;wav;mfcribbon-ms</Extensions>
    </Filter>
    <Filter Include="src">
      <UniqueIdentifier>{deb96db4-6b52-4570-90d8-43f7d6b4575d}</UniqueIdentifier>
    </Filter>
    <Filter Include="src\core">
      <UniqueIdentifier>{bdbf2f26-52c0-41d7-8283-1d53a8dbf650}</UniqueIdentifier>
    </Filter>
    <Filter Include="include">
      <UniqueIdentifier>{e2d5eff0-bf5b-4ba4-ac2a-cbd0c4ed6aaf}</UniqueIdentifier>
    </Filter>
    <Filter Include="include\core">
      <UniqueIdentifier>{9aef76b6-d00c-450e-80af-0192eb5b8991}</UniqueIdentifier>
    </Filter>
    <Filter Include="include\third_party">
      <UniqueIdentifier>{a4b6391a-fbd9-4df8-8c13-f11daa9def5c}</UniqueIdentifier>
    </Filter>
    <Filter Include="assets">
      <UniqueIdentifier>{61620380-0e66-4572-b0c4-5abad7c7b71e}</UniqueIdentifier>
    </Filter>
    <Filter Include="include\core\resources">
      <UniqueIdentifier>{084bcfe5-19b4-4f3e-89f7-b9106804ccbc}</UniqueIdentifier>
    </Filter>
    <Filter Include="src\core\resources">
      <UniqueIdentifier>{b440ae58-8cbc-4611-b473-67b161379286}</UniqueIdentifier>
    </Filter>
    <Filter Include="include\core\ecs">
      <UniqueIdentifier>{99e88256-c0fd-4b02-bb4d-5bb29e941139}</UniqueIdentifier>
    </Filter>
    <Filter Include="include\core\ecs\components">
      <UniqueIdentifier>{f7ec6d21-e823-4cd9-b6d2-3325f8d63034}</UniqueIdentifier>
    </Filter>
    <Filter Include="include\core\ecs\systems">
      <UniqueIdentifier>{eb950d45-0eed-43bf-953d-e953b3f48973}</UniqueIdentifier>
    </Filter>
    <Filter Include="src\core\ecs">
      <UniqueIdentifier>{ab02906d-f0b6-4388-b9e0-61fb9db7abf3}</UniqueIdentifier>
    </Filter>
    <Filter Include="src\core\ecs\components">
      <UniqueIdentifier>{e5e59b07-c436-495a-8413-7fc69f736502}</UniqueIdentifier>
    </Filter>
    <Filter Include="src\core\ecs\systems">
      <UniqueIdentifier>{ee5fecaa-622f-4059-81d9-b5f2ad5e7b99}</UniqueIdentifier>
    </Filter>
    <Filter Include="include\core\resources\holders">
      <UniqueIdentifier>{c2fce24f-e7ac-4611-9a91-6eb19938f9b6}</UniqueIdentifier>
    </Filter>
    <Filter Include="src\core\resources\holders">
      <UniqueIdentifier>{5f532b5a-92af-4508-b13a-61858f1bcf8f}</UniqueIdentifier>
    </Filter>
    <Filter Include="src\core\resources\ids">
      <UniqueIdentifier>{67498e49-76ff-4496-a99f-53f1678b3282}</UniqueIdentifier>
    </Filter>
    <Filter Include="include\core\resources\ids">
      <UniqueIdentifier>{e536589b-0f4c-491c-8a35-403651eb424c}</UniqueIdentifier>
    </Filter>
    <Filter Include="include\core\resources\paths">
      <UniqueIdentifier>{c797904b-153c-4ae3-90ac-7245c8f3172b}</UniqueIdentifier>
    </Filter>
    <Filter Include="src\core\resources\paths">
      <UniqueIdentifier>{400b6695-47c4-4b82-8675-01310e29e35a}</UniqueIdentifier>
    </Filter>
    <Filter Include="src\core\resources\types">
      <UniqueIdentifier>{d4ca4076-c66c-4cc4-b3f7-1ae99773109d}</UniqueIdentifier>
    </Filter>
    <Filter Include="include\core\resources\types">
      <UniqueIdentifier>{7f1718df-4b54-421b-98ea-750867b1ea19}</UniqueIdentifier>
    </Filter>
    <Filter Include="src\third_party">
      <UniqueIdentifier>{542da4e4-e92e-4b57-9522-03efbc1328f4}</UniqueIdentifier>
    </Filter>
    <Filter Include="include\core\utils">
      <UniqueIdentifier>{8aa01b97-66eb-4970-85d6-966448855cb3}</UniqueIdentifier>
    </Filter>
    <Filter Include="include\core\ui">
      <UniqueIdentifier>{c9d10611-e365-449e-99a2-842d02429568}</UniqueIdentifier>
    </Filter>
    <Filter Include="src\core\utils">
      <UniqueIdentifier>{70f8b472-f605-4f4c-8b23-6d41ddac2465}</UniqueIdentifier>
    </Filter>
    <Filter Include="src\core\ui">
      <UniqueIdentifier>{ebdd78f9-792f-4f74-acaf-f3b77c272e76}</UniqueIdentifier>
    </Filter>
    <Filter Include="include\core\config">
      <UniqueIdentifier>{1c709bb0-9660-4f9e-951a-812420316ab7}</UniqueIdentifier>
    </Filter>
    <Filter Include="src\core\config">
      <UniqueIdentifier>{6412e2cf-1a21-4302-9e30-5e41d93cb26e}</UniqueIdentifier>
    </Filter>
    <Filter Include="include\core\utils\json">
      <UniqueIdentifier>{7abc00f6-b82a-4142-b2cf-077517d71c6d}</UniqueIdentifier>
    </Filter>
    <Filter Include="src\core\utils\json">
      <UniqueIdentifier>{dda58842-ac7d-4664-be82-975b957af4e9}</UniqueIdentifier>
    </Filter>
    <Filter Include="include\core\time">
      <UniqueIdentifier>{9165c4d7-a942-4ed7-aa4c-aa5029e55021}</UniqueIdentifier>
    </Filter>
    <Filter Include="src\core\time">
      <UniqueIdentifier>{b68e63b3-f44b-48c6-96c2-700a34fa361d}</UniqueIdentifier>
    </Filter>
    <Filter Include="include\core\compiler">
      <UniqueIdentifier>{9e958531-9940-4131-8342-129aca9c3fc1}</UniqueIdentifier>
    </Filter>
    <Filter Include="src\core\compiler">
      <UniqueIdentifier>{fc04f2a3-fe5f-4162-b0a0-fac0ce93b5fd}</UniqueIdentifier>
    </Filter>
    <Filter Include="assets\core">
      <UniqueIdentifier>{41a9d370-ee49-4ccf-b147-a465b211f100}</UniqueIdentifier>
    </Filter>
    <Filter Include="assets\game">
      <UniqueIdentifier>{1e8b8dd0-999c-4b9e-a531-31512486457b}</UniqueIdentifier>
    </Filter>
    <Filter Include="assets\core\config">
      <UniqueIdentifier>{5564a9a1-e55e-4be5-996a-526f8e122d39}</UniqueIdentifier>
    </Filter>
    <Filter Include="assets\core\fonts">
      <UniqueIdentifier>{1d93569f-72f5-49e1-8526-b71d5d7444bb}</UniqueIdentifier>
    </Filter>
    <Filter Include="assets\game\skyguard">
      <UniqueIdentifier>{7b961c35-15f1-419d-bfc4-25ed7b26f3da}</UniqueIdentifier>
    </Filter>
    <Filter Include="assets\game\skyguard\config">
      <UniqueIdentifier>{22f8f816-2b34-43dc-9f86-9f7634b82768}</UniqueIdentifier>
    </Filter>
    <Filter Include="assets\game\skyguard\images">
      <UniqueIdentifier>{74fb210a-dee2-4696-afbd-3bb604195f4b}</UniqueIdentifier>
    </Filter>
    <Filter Include="assets\game\skyguard\sounds">
      <UniqueIdentifier>{5fe7d0f0-9498-4c58-b184-065f40456af9}</UniqueIdentifier>
    </Filter>
    <Filter Include="include\core\config\properties">
      <UniqueIdentifier>{a9f60576-485b-44bb-bf6a-601d2b0930d5}</UniqueIdentifier>
    </Filter>
    <Filter Include="src\core\config\properties">
      <UniqueIdentifier>{49b19207-1d35-488b-992d-5c48737c62aa}</UniqueIdentifier>
    </Filter>
    <Filter Include="src\game">
      <UniqueIdentifier>{5e5947e4-526e-4425-8314-973de362dd49}</UniqueIdentifier>
    </Filter>
    <Filter Include="src\game\skyguard">
      <UniqueIdentifier>{5f5ebe1d-1025-40c3-90cc-11886f44fe65}</UniqueIdentifier>
    </Filter>
    <Filter Include="src\game\skyguard\config">
      <UniqueIdentifier>{a90b4a6d-1c48-4fab-9fe9-2c67f5b8e5f1}</UniqueIdentifier>
    </Filter>
    <Filter Include="src\game\skyguard\config\blueprints">
      <UniqueIdentifier>{60ce0923-1041-48af-839e-b5ed45a77878}</UniqueIdentifier>
    </Filter>
    <Filter Include="include\game">
      <UniqueIdentifier>{a9570109-d35a-49aa-a242-e089e20ea149}</UniqueIdentifier>
    </Filter>
    <Filter Include="include\game\skyguard">
      <UniqueIdentifier>{9cc7b449-2a5a-4b46-867e-6c8362c6ceb2}</UniqueIdentifier>
    </Filter>
    <Filter Include="include\game\skyguard\config">
      <UniqueIdentifier>{130fad18-5a7e-439c-ba5e-d8fbe488e001}</UniqueIdentifier>
    </Filter>
    <Filter Include="include\game\skyguard\config\blueprints">
      <UniqueIdentifier>{55f07114-26a0-44ba-b9dd-f3a3c9bdb145}</UniqueIdentifier>
    </Filter>
    <Filter Include="src\game\skyguard\ecs">
      <UniqueIdentifier>{b68b47cd-8a9d-49c5-85ef-afac2a9fa2d3}</UniqueIdentifier>
    </Filter>
    <Filter Include="src\game\skyguard\ecs\components">
      <UniqueIdentifier>{86a48b15-948e-44dd-9bb5-9922d17f4475}</UniqueIdentifier>
    </Filter>
    <Filter Include="src\game\skyguard\ecs\systems">
      <UniqueIdentifier>{62a29cad-e260-4389-97b2-ee8c438b8ac1}</UniqueIdentifier>
    </Filter>
    <Filter Include="include\game\skyguard\ecs">
      <UniqueIdentifier>{3b193a79-53b9-4010-8a58-18d17ce0fd8c}</UniqueIdentifier>
    </Filter>
    <Filter Include="include\game\skyguard\ecs\components">
      <UniqueIdentifier>{e76bc69d-2c98-4551-ba77-3dca55283433}</UniqueIdentifier>
    </Filter>
    <Filter Include="include\game\skyguard\ecs\systems">
      <UniqueIdentifier>{cdf6a807-9afb-46c4-a1d9-ffb3f58c3945}</UniqueIdentifier>
    </Filter>
    <Filter Include="include\core\config\blueprints">
      <UniqueIdentifier>{a64d81ae-cb5c-467e-aad1-b485d4e3d80c}</UniqueIdentifier>
    </Filter>
    <Filter Include="src\core\config\blueprints">
      <UniqueIdentifier>{01fb9351-6a75-407b-b417-4933a810a8a7}</UniqueIdentifier>
    </Filter>
    <Filter Include="include\core\config\loader">
      <UniqueIdentifier>{edcb2c32-ef84-4ccf-8292-35289d5b1386}</UniqueIdentifier>
    </Filter>
    <Filter Include="include\game\skyguard\config\loader">
      <UniqueIdentifier>{3546ea98-d299-4110-aed2-197617f799e2}</UniqueIdentifier>
    </Filter>
    <Filter Include="src\core\config\loader">
      <UniqueIdentifier>{b36875ce-0f7a-48f0-b3f7-3bc94c166bed}</UniqueIdentifier>
    </Filter>
    <Filter Include="src\game\skyguard\config\loader">
      <UniqueIdentifier>{d717f2a1-9ba3-41e3-bb21-f64cf2e0ffd0}</UniqueIdentifier>
    </Filter>
    <Filter Include="include\core\ui\ids">
      <UniqueIdentifier>{430249f0-c878-4c92-bbc0-f3bbbc173eb0}</UniqueIdentifier>
    </Filter>
    <Filter Include="src\core\ui\ids">
      <UniqueIdentifier>{b26f29cd-3e7b-413a-bf16-020f8b927df0}</UniqueIdentifier>
    </Filter>
    <Filter Include="include\core\compiler\platform">
      <UniqueIdentifier>{2affc0d3-4352-49f4-aef8-a0d4edd017f2}</UniqueIdentifier>
    </Filter>
    <Filter Include="src\core\compiler\platform">
      <UniqueIdentifier>{0c92b304-5ee8-4b2b-b975-18057cab9aa0}</UniqueIdentifier>
    </Filter>
    <Filter Include="include\core\resources\config">
      <UniqueIdentifier>{54232fc8-b5f0-4eb6-b58f-03a0d0ee005d}</UniqueIdentifier>
    </Filter>
    <Filter Include="src\core\resources\config">
      <UniqueIdentifier>{137f5c7f-73f6-4f18-8712-90b5eac2155b}</UniqueIdentifier>
    </Filter>
    <Filter Include="include\core\log">
      <UniqueIdentifier>{dc6ceb77-15ab-4354-a029-8610f8937dba}</UniqueIdentifier>
    </Filter>
    <Filter Include="src\core\log">
      <UniqueIdentifier>{205df397-ac2e-44a0-aa25-db8b5f38324d}</UniqueIdentifier>
    </Filter>
    <Filter Include="include\core\debug">
      <UniqueIdentifier>{617f4405-cb3a-4d12-b40b-32c6284fe6c2}</UniqueIdentifier>
    </Filter>
    <Filter Include="src\core\debug">
      <UniqueIdentifier>{b8f755f4-9e45-4234-a140-6ee661260b2a}</UniqueIdentifier>
    </Filter>
    <Filter Include="include\third_party\json">
      <UniqueIdentifier>{862771aa-e4e5-4bbe-a46d-129428f5fb53}</UniqueIdentifier>
    </Filter>
    <Filter Include="include\third_party\entt">
      <UniqueIdentifier>{381451f7-1e7c-4cf2-8f4c-f70f74cc2c01}</UniqueIdentifier>
    </Filter>
    <Filter Include="src\game\skyguard\dev">
      <UniqueIdentifier>{a8ccc805-74a0-47af-8cbc-81eeefdd81fd}</UniqueIdentifier>
    </Filter>
    <Filter Include="include\game\skyguard\dev">
      <UniqueIdentifier>{80e824ba-19a1-4b15-85e6-8815080fefb6}</UniqueIdentifier>
    </Filter>
    <Filter Include="include\core\config\loader\detail">
      <UniqueIdentifier>{87ed052b-2a5f-43a5-9ac8-d562a2a8ab29}</UniqueIdentifier>
    </Filter>
    <Filter Include="include\game\skyguard\config\loader\detail">
      <UniqueIdentifier>{9cfbca1d-606b-433b-9999-991e36d39786}</UniqueIdentifier>
    </Filter>
    <Filter Include="src\core\config\loader\detail">
      <UniqueIdentifier>{57773ff7-e708-46d0-96a4-bd58d2f4222b}</UniqueIdentifier>
    </Filter>
    <Filter Include="src\game\skyguard\config\loader\detail">
      <UniqueIdentifier>{bab239ce-eb98-4ba2-b071-675a6acf788b}</UniqueIdentifier>
    </Filter>
    <Filter Include="include\game\skyguard\config\properties">
      <UniqueIdentifier>{b3c9a047-885a-45c0-a215-5dff959a1ae7}</UniqueIdentifier>
    </Filter>
    <Filter Include="src\game\skyguard\config\properties">
      <UniqueIdentifier>{b94ba5ac-6bfe-4b87-911c-f1a4a4c245a8}</UniqueIdentifier>
    </Filter>
    <Filter Include="include\core\ecs\render">
      <UniqueIdentifier>{2dacc563-825b-43be-8a64-f7b1ff510c9b}</UniqueIdentifier>
    </Filter>
    <Filter Include="src\core\ecs\render">
      <UniqueIdentifier>{b72b71a6-c420-4e48-aa46-342fca21db01}</UniqueIdentifier>
    </Filter>
    <Filter Include="include\core\spatial">
      <UniqueIdentifier>{921bb49b-1ef9-44ba-ad9c-72cfa5e84b6c}</UniqueIdentifier>
    </Filter>
    <Filter Include="src\core\spatial">
      <UniqueIdentifier>{2b9be747-12e4-49ce-8d47-469614cb7403}</UniqueIdentifier>
    </Filter>
  </ItemGroup>
  <ItemGroup>
    <ClCompile Include="main_skyguard.cpp">
      <Filter>Исходные файлы</Filter>
    </ClCompile>
    <ClCompile Include="src\core\resources\resource_manager.cpp">
      <Filter>src\core\resources</Filter>
    </ClCompile>
    <ClCompile Include="src\core\ecs\systems\movement_system.cpp">
      <Filter>src\core\ecs\systems</Filter>
    </ClCompile>
    <ClCompile Include="src\core\ecs\systems\render_system.cpp">
      <Filter>src\core\ecs\systems</Filter>
    </ClCompile>
    <ClCompile Include="src\core\resources\paths\resource_paths.cpp">
      <Filter>src\core\resources\paths</Filter>
    </ClCompile>
    <ClCompile Include="src\core\time\time_service.cpp">
      <Filter>src\core\time</Filter>
    </ClCompile>
    <ClCompile Include="src\core\ecs\systems\debug_overlay_system.cpp">
      <Filter>src\core\ecs\systems</Filter>
    </ClCompile>
    <ClCompile Include="src\core\ui\anchor_policy.cpp">
      <Filter>src\core\ui</Filter>
    </ClCompile>
    <ClCompile Include="src\pch.cpp">
      <Filter>src</Filter>
    </ClCompile>
    <ClCompile Include="src\core\utils\file_loader.cpp">
      <Filter>src\core\utils</Filter>
    </ClCompile>
    <ClCompile Include="src\core\config\loader\debug_overlay_loader.cpp">
      <Filter>src\core\config\loader</Filter>
    </ClCompile>
    <ClCompile Include="src\game\skyguard\config\loader\config_loader.cpp">
      <Filter>src\game\skyguard\config\loader</Filter>
    </ClCompile>
    <ClCompile Include="src\core\ui\ids\ui_id_utils.cpp">
      <Filter>src\core\ui\ids</Filter>
    </ClCompile>
    <ClCompile Include="src\game\skyguard\game.cpp">
      <Filter>src\game\skyguard</Filter>
    </ClCompile>
    <ClCompile Include="src\core\config\loader\engine_settings_loader.cpp">
      <Filter>src\core\config\loader</Filter>
    </ClCompile>
    <ClCompile Include="src\game\skyguard\config\loader\window_config_loader.cpp">
      <Filter>src\game\skyguard\config\loader</Filter>
    </ClCompile>
    <ClCompile Include="src\core\resources\ids\resource_ids.cpp">
      <Filter>src\core\resources\ids</Filter>
    </ClCompile>
    <ClCompile Include="src\core\log\logging.cpp">
      <Filter>src\core\log</Filter>
    </ClCompile>
    <ClCompile Include="src\core\log\log_level.cpp">
      <Filter>src\core\log</Filter>
    </ClCompile>
    <ClCompile Include="src\core\utils\json\json_parsers.cpp">
      <Filter>src\core\utils\json</Filter>
    </ClCompile>
    <ClCompile Include="src\core\utils\json\json_document.cpp">
      <Filter>src\core\utils\json</Filter>
    </ClCompile>
    <ClCompile Include="src\game\skyguard\dev\stress_scene.cpp">
      <Filter>src\game\skyguard\dev</Filter>
    </ClCompile>
    <ClCompile Include="src\core\config\loader\detail\non_critical_config_report.cpp">
      <Filter>src\core\config\loader\detail</Filter>
    </ClCompile>
    <ClCompile Include="src\core\ecs\systems\spatial_index_system.cpp">
      <Filter>src\core\ecs\systems</Filter>
    </ClCompile>
    <ClCompile Include="src\core\spatial\spatial_index.cpp">
      <Filter>src\core\spatial</Filter>
    </ClCompile>
  </ItemGroup>
  <ItemGroup>
    <ClInclude Include="include\core\resources\resource_manager.h">
      <Filter>include\core\resources</Filter>
    </ClInclude>
    <ClInclude Include="include\core\ecs\entity.h">
      <Filter>include\core\ecs</Filter>
    </ClInclude>
    <ClInclude Include="include\core\ecs\system.h">
      <Filter>include\core\ecs</Filter>
    </ClInclude>
    <ClInclude Include="include\core\ecs\components\sprite_component.h">
      <Filter>include\core\ecs\components</Filter>
    </ClInclude>
    <ClInclude Include="include\core\ecs\components\transform_component.h">
      <Filter>include\core\ecs\components</Filter>
    </ClInclude>
    <ClInclude Include="include\core\ecs\components\velocity_component.h">
      <Filter>include\core\ecs\components</Filter>
    </ClInclude>
    <ClInclude Include="include\core\ecs\world.h">
      <Filter>include\core\ecs</Filter>
    </ClInclude>
    <ClInclude Include="include\core\ecs\systems\movement_system.h">
      <Filter>include\core\ecs\systems</Filter>
    </ClInclude>
    <ClInclude Include="include\core\ecs\systems\render_system.h">
      <Filter>include\core\ecs\systems</Filter>
    </ClInclude>
    <ClInclude Include="include\core\ecs\components\lock_behavior_component.h">
      <Filter>include\core\ecs\components</Filter>
    </ClInclude>
    <ClInclude Include="include\core\ecs\systems\lock_system.h">
      <Filter>include\core\ecs\systems</Filter>
    </ClInclude>
    <ClInclude Include="include\core\ecs\components\scaling_behavior_component.h">
      <Filter>include\core\ecs\components</Filter>
    </ClInclude>
    <ClInclude Include="include\core\ecs\systems\scaling_system.h">
      <Filter>include\core\ecs\systems</Filter>
    </ClInclude>
    <ClInclude Include="include\core\ecs\components\movement_stats_component.h">
      <Filter>include\core\ecs\components</Filter>
    </ClInclude>
    <ClInclude Include="include\core\ecs\components\keyboard_control_component.h">
      <Filter>include\core\ecs\components</Filter>
    </ClInclude>
    <ClInclude Include="include\core\ecs\systems\input_system.h">
      <Filter>include\core\ecs\systems</Filter>
    </ClInclude>
    <ClInclude Include="include\core\resources\holders\resource_holder.h">
      <Filter>include\core\resources\holders</Filter>
    </ClInclude>
    <ClInclude Include="include\core\resources\ids\resource_ids.h">
      <Filter>include\core\resources\ids</Filter>
    </ClInclude>
    <ClInclude Include="include\core\resources\paths\resource_paths.h">
      <Filter>include\core\resources\paths</Filter>
    </ClInclude>
    <ClInclude Include="include\core\resources\types\font_resource.h">
      <Filter>include\core\resources\types</Filter>
    </ClInclude>
    <ClInclude Include="include\core\resources\types\soundbuffer_resource.h">
      <Filter>include\core\resources\types</Filter>
    </ClInclude>
    <ClInclude Include="include\core\resources\types\texture_resource.h">
      <Filter>include\core\resources\types</Filter>
    </ClInclude>
    <ClInclude Include="include\core\ui\anchor_policy.h">
      <Filter>include\core\ui</Filter>
    </ClInclude>
    <ClInclude Include="include\core\ui\anchor_utils.h">
      <Filter>include\core\ui</Filter>
    </ClInclude>
    <ClInclude Include="include\core\ecs\system_manager.h">
      <Filter>include\core\ecs</Filter>
    </ClInclude>
    <ClInclude Include="include\core\config\config_keys.h">
      <Filter>include\core\config</Filter>
    </ClInclude>
    <ClInclude Include="include\core\utils\json\json_validator.h">
      <Filter>include\core\utils\json</Filter>
    </ClInclude>
    <ClInclude Include="include\core\resources\ids\resource_id_utils.h">
      <Filter>include\core\resources\ids</Filter>
    </ClInclude>
    <ClInclude Include="include\core\time\time_service.h">
      <Filter>include\core\time</Filter>
    </ClInclude>
    <ClInclude Include="include\core\ecs\systems\debug_overlay_system.h">
      <Filter>include\core\ecs\systems</Filter>
    </ClInclude>
    <ClInclude Include="include\core\compiler\warnings.h">
      <Filter>include\core\compiler</Filter>
    </ClInclude>
    <ClInclude Include="include\pch.h">
      <Filter>include</Filter>
    </ClInclude>
    <ClInclude Include="include\core\utils\file_loader.h">
      <Filter>include\core\utils</Filter>
    </ClInclude>
    <ClInclude Include="include\core\config\properties\sprite_properties.h">
      <Filter>include\core\config\properties</Filter>
    </ClInclude>
    <ClInclude Include="include\core\config\properties\movement_properties.h">
      <Filter>include\core\config\properties</Filter>
    </ClInclude>
    <ClInclude Include="include\core\config\properties\anchor_properties.h">
      <Filter>include\core\config\properties</Filter>
    </ClInclude>
    <ClInclude Include="include\core\config\properties\controls_properties.h">
      <Filter>include\core\config\properties</Filter>
    </ClInclude>
    <ClInclude Include="include\game\skyguard\config\blueprints\player_blueprint.h">
      <Filter>include\game\skyguard\config\blueprints</Filter>
    </ClInclude>
    <ClInclude Include="include\game\skyguard\ecs\systems\player_init_system.h">
      <Filter>include\game\skyguard\ecs\systems</Filter>
    </ClInclude>
    <ClInclude Include="include\core\config\properties\text_properties.h">
      <Filter>include\core\config\properties</Filter>
    </ClInclude>
    <ClInclude Include="include\core\config\blueprints\debug_overlay_blueprint.h">
      <Filter>include\core\config\blueprints</Filter>
    </ClInclude>
    <ClInclude Include="include\core\ui\lock_behavior.h">
      <Filter>include\core\ui</Filter>
    </ClInclude>
    <ClInclude Include="include\core\ui\scaling_behavior.h">
      <Filter>include\core\ui</Filter>
    </ClInclude>
    <ClInclude Include="include\core\config\loader\debug_overlay_loader.h">
      <Filter>include\core\config\loader</Filter>
    </ClInclude>
    <ClInclude Include="include\game\skyguard\config\loader\config_loader.h">
      <Filter>include\game\skyguard\config\loader</Filter>
    </ClInclude>
    <ClInclude Include="include\core\ui\ids\ui_id_utils.h">
      <Filter>include\core\ui\ids</Filter>
    </ClInclude>
    <ClInclude Include="include\game\skyguard\config\config_keys.h">
      <Filter>include\game\skyguard\config</Filter>
    </ClInclude>
    <ClInclude Include="include\core\compiler\platform\windows.h">
      <Filter>include\core\compiler\platform</Filter>
    </ClInclude>
    <ClInclude Include="include\core\config\engine_settings.h">
      <Filter>include\core\config</Filter>
    </ClInclude>
    <ClInclude Include="include\core\config\loader\engine_settings_loader.h">
      <Filter>include\core\config\loader</Filter>
    </ClInclude>
    <ClInclude Include="include\game\skyguard\config\window_config.h">
      <Filter>include\game\skyguard\config</Filter>
    </ClInclude>
    <ClInclude Include="include\game\skyguard\config\loader\window_config_loader.h">
      <Filter>include\game\skyguard\config\loader</Filter>
    </ClInclude>
    <ClInclude Include="include\game\skyguard\game.h">
      <Filter>include\game\skyguard</Filter>
    </ClInclude>
    <ClInclude Include="include\core\resources\config\texture_resource_config.h">
      <Filter>include\core\resources\config</Filter>
    </ClInclude>
    <ClInclude Include="include\core\resources\config\font_resource_config.h">
      <Filter>include\core\resources\config</Filter>
    </ClInclude>
    <ClInclude Include="include\core\resources\config\sound_resource_config.h">
      <Filter>include\core\resources\config</Filter>
    </ClInclude>
    <ClInclude Include="include\core\log\log_level.h">
      <Filter>include\core\log</Filter>
    </ClInclude>
    <ClInclude Include="include\core\log\log_categories.h">
      <Filter>include\core\log</Filter>
    </ClInclude>
    <ClInclude Include="include\core\log\logging.h">
      <Filter>include\core\log</Filter>
    </ClInclude>
    <ClInclude Include="include\core\log\log_defaults.h">
      <Filter>include\core\log</Filter>
    </ClInclude>
    <ClInclude Include="include\core\log\log_macros.h">
      <Filter>include\core\log</Filter>
    </ClInclude>
    <ClInclude Include="include\core\time\time_config.h">
      <Filter>include\core\time</Filter>
    </ClInclude>
    <ClInclude Include="include\core\debug\debug_config.h">
      <Filter>include\core\debug</Filter>
    </ClInclude>
    <ClInclude Include="include\third_party\json\json_fwd.hpp">
      <Filter>include\third_party\json</Filter>
    </ClInclude>
    <ClInclude Include="include\third_party\json\json_silent.hpp">
      <Filter>include\third_party\json</Filter>
    </ClInclude>
    <ClInclude Include="include\third_party\entt\entt_fwd.hpp">
      <Filter>include\third_party\entt</Filter>
    </ClInclude>
    <ClInclude Include="include\third_party\entt\entt_registry.hpp">
      <Filter>include\third_party\entt</Filter>
    </ClInclude>
    <ClInclude Include="include\core\utils\json\json_parsers.h">
      <Filter>include\core\utils\json</Filter>
    </ClInclude>
    <ClInclude Include="include\core\utils\json\json_document.h">
      <Filter>include\core\utils\json</Filter>
    </ClInclude>
    <ClInclude Include="include\core\utils\json\json_common.h">
      <Filter>include\core\utils\json</Filter>
    </ClInclude>
    <ClInclude Include="include\game\skyguard\dev\stress_scene.h">
      <Filter>include\game\skyguard\dev</Filter>
    </ClInclude>
    <ClInclude Include="include\core\config\properties\debug_overlay_runtime_properties.h">
      <Filter>include\core\config\properties</Filter>
    </ClInclude>
    <ClInclude Include="include\game\skyguard\config\config_paths.h">
      <Filter>include\game\skyguard\config</Filter>
    </ClInclude>
    <ClInclude Include="include\core\config\loader\detail\non_critical_config_report.h">
      <Filter>include\core\config\loader\detail</Filter>
    </ClInclude>
    <ClInclude Include="include\core\utils\math_constants.h">
      <Filter>include\core\utils</Filter>
    </ClInclude>
    <ClInclude Include="include\game\skyguard\config\properties\aircraft_control_properties.h">
      <Filter>include\game\skyguard\config\properties</Filter>
    </ClInclude>
    <ClInclude Include="include\game\skyguard\ecs\components\aircraft_control_component.h">
      <Filter>include\game\skyguard\ecs\components</Filter>
    </ClInclude>
    <ClInclude Include="include\game\skyguard\ecs\systems\aircraft_control_system.h">
      <Filter>include\game\skyguard\ecs\systems</Filter>
    </ClInclude>
    <ClInclude Include="include\core\ecs\components\spatial_dirty_tag.h">
      <Filter>include\core\ecs\components</Filter>
    </ClInclude>
    <ClInclude Include="include\core\ecs\components\spatial_handle_component.h">
      <Filter>include\core\ecs\components</Filter>
    </ClInclude>
    <ClInclude Include="include\core\ecs\render\sprite_bounds.h">
      <Filter>include\core\ecs\render</Filter>
    </ClInclude>
    <ClInclude Include="include\core\ecs\systems\spatial_index_system.h">
      <Filter>include\core\ecs\systems</Filter>
    </ClInclude>
    <ClInclude Include="include\core\spatial\aabb2.h">
      <Filter>include\core\spatial</Filter>
    </ClInclude>
    <ClInclude Include="include\core\spatial\spatial_index.h">
      <Filter>include\core\spatial</Filter>
    </ClInclude>
    <ClInclude Include="include\game\skyguard\config\properties\aircraft_control_bindings_properties.h">
      <Filter>include\game\skyguard\config\properties</Filter>
    </ClInclude>
    <ClInclude Include="include\game\skyguard\ecs\components\aircraft_control_bindings_component.h">
      <Filter>include\game\skyguard\ecs\components</Filter>
    </ClInclude>
    <ClInclude Include="include\core\ecs\components\sprite_scaling_data_component.h">
      <Filter>include\core\ecs\components</Filter>
    </ClInclude>
  </ItemGroup>
  <ItemGroup>
    <None Include="include\core\resources\holders\resource_holder.inl">
      <Filter>include\core\resources\holders</Filter>
    </None>
    <None Include="assets\core\config\debug_overlay.json">
      <Filter>assets\core\config</Filter>
    </None>
    <None Include="assets\game\skyguard\config\player.json">
      <Filter>assets\game\skyguard\config</Filter>
    </None>
    <None Include="assets\game\skyguard\config\resources.json">
      <Filter>assets\game\skyguard\config</Filter>
    </None>
    <None Include="assets\core\config\engine_settings.json">
      <Filter>assets\core\config</Filter>
    </None>
    <None Include="assets\game\skyguard\config\skyguard_game.json">
      <Filter>assets\game\skyguard\config</Filter>
    </None>
  </ItemGroup>
</Project>